{
  "version": 1,
  "dependencies": {
    ".NETCoreApp,Version=v3.1": {
      "Dapper": {
        "type": "Direct",
        "requested": "[2.0.35, )",
        "resolved": "2.0.35",
        "contentHash": "/xAgd8BO8EDnJ0sURWEV8LptHHvTKxoYiT63YUF2U/yWE2VyUCqR2jcrtEyNngT9Kjzppecz95UKiBla3PnR7g==",
        "dependencies": {
          "System.Reflection.Emit.Lightweight": "4.7.0"
        }
      },
      "Dapper.Contrib": {
        "type": "Transitive",
        "resolved": "2.0.35",
        "contentHash": "yVrsIV1OkdUZ8BGQbrO0EkthnPWtgs6TV2pfOtTC93G8y2BwZ0nnBJifJj+ICzN7c7COsBlVg6P6eYUwdwJj1Q==",
        "dependencies": {
          "Dapper": "2.0.35",
          "Microsoft.CSharp": "4.7.0",
          "System.Reflection.Emit": "4.7.0"
        }
      },
      "Microsoft.CSharp": {
        "type": "Transitive",
        "resolved": "4.7.0",
        "contentHash": "pTj+D3uJWyN3My70i2Hqo+OXixq3Os2D1nJ2x92FFo6sk8fYS1m1WLNTs0Dc1uPaViH0YvEEwvzddQ7y4rhXmA=="
      },
      "System.Reflection.Emit": {
        "type": "Transitive",
        "resolved": "4.7.0",
        "contentHash": "VR4kk8XLKebQ4MZuKuIni/7oh+QGFmZW3qORd1GvBq/8026OpW501SzT/oypwiQl4TvT8ErnReh/NzY9u+C6wQ=="
      },
      "System.Reflection.Emit.Lightweight": {
        "type": "Transitive",
        "resolved": "4.7.0",
        "contentHash": "a4OLB4IITxAXJeV74MDx49Oq2+PsF6Sml54XAFv+2RyWwtDBcabzoxiiJRhdhx+gaohLh4hEGCLQyBozXoQPqA=="
      },
      "catalogoapi.model": {
        "type": "Project",
        "dependencies": {
          "Dapper.Contrib": "2.0.35"
        }
      }
    }
  }
}